// !$*UTF8*$!
{
	archiveVersion = 1;
	classes = {
	};
	objectVersion = 46;
	objects = {

/* Begin PBXBuildFile section */
		F129431C1B23D29400C909ED /* main.m in Sources */ = {isa = PBXBuildFile; fileRef = F129431B1B23D29400C909ED /* main.m */; };
		F129431F1B23D29400C909ED /* AppDelegate.m in Sources */ = {isa = PBXBuildFile; fileRef = F129431E1B23D29400C909ED /* AppDelegate.m */; };
		F12943221B23D29400C909ED /* ViewController.m in Sources */ = {isa = PBXBuildFile; fileRef = F12943211B23D29400C909ED /* ViewController.m */; };
		F12943251B23D29400C909ED /* Main.storyboard in Resources */ = {isa = PBXBuildFile; fileRef = F12943231B23D29400C909ED /* Main.storyboard */; };
		F12943271B23D29500C909ED /* Images.xcassets in Resources */ = {isa = PBXBuildFile; fileRef = F12943261B23D29500C909ED /* Images.xcassets */; };
		F129432A1B23D29500C909ED /* LaunchScreen.xib in Resources */ = {isa = PBXBuildFile; fileRef = F12943281B23D29500C909ED /* LaunchScreen.xib */; };
		F12943361B23D29500C909ED /* MoABContactsManagerDemoTests.m in Sources */ = {isa = PBXBuildFile; fileRef = F12943351B23D29500C909ED /* MoABContactsManagerDemoTests.m */; };
		F12943411B23D2E400C909ED /* MoABContactsManager.m in Sources */ = {isa = PBXBuildFile; fileRef = F12943401B23D2E400C909ED /* MoABContactsManager.m */; };
/* End PBXBuildFile section */

/* Begin PBXContainerItemProxy section */
		F12943301B23D29500C909ED /* PBXContainerItemProxy */ = {
			isa = PBXContainerItemProxy;
			containerPortal = F129430E1B23D29400C909ED /* Project object */;
			proxyType = 1;
			remoteGlobalIDString = F12943151B23D29400C909ED;
			remoteInfo = MoABContactsManagerDemo;
		};
/* End PBXContainerItemProxy section */

/* Begin PBXFileReference section */
		F12943161B23D29400C909ED /* MoABContactsManagerDemo.app */ = {isa = PBXFileReference; explicitFileType = wrapper.application; includeInIndex = 0; path = MoABContactsManagerDemo.app; sourceTree = BUILT_PRODUCTS_DIR; };
		F129431A1B23D29400C909ED /* Info.plist */ = {isa = PBXFileReference; lastKnownFileType = text.plist.xml; path = Info.plist; sourceTree = "<group>"; };
		F129431B1B23D29400C909ED /* main.m */ = {isa = PBXFileReference; lastKnownFileType = sourcecode.c.objc; path = main.m; sourceTree = "<group>"; };
		F129431D1B23D29400C909ED /* AppDelegate.h */ = {isa = PBXFileReference; lastKnownFileType = sourcecode.c.h; path = AppDelegate.h; sourceTree = "<group>"; };
		F129431E1B23D29400C909ED /* AppDelegate.m */ = {isa = PBXFileReference; lastKnownFileType = sourcecode.c.objc; path = AppDelegate.m; sourceTree = "<group>"; };
		F12943201B23D29400C909ED /* ViewController.h */ = {isa = PBXFileReference; lastKnownFileType = sourcecode.c.h; path = ViewController.h; sourceTree = "<group>"; };
		F12943211B23D29400C909ED /* ViewController.m */ = {isa = PBXFileReference; lastKnownFileType = sourcecode.c.objc; path = ViewController.m; sourceTree = "<group>"; };
		F12943241B23D29400C909ED /* Base */ = {isa = PBXFileReference; lastKnownFileType = file.storyboard; name = Base; path = Base.lproj/Main.storyboard; sourceTree = "<group>"; };
		F12943261B23D29500C909ED /* Images.xcassets */ = {isa = PBXFileReference; lastKnownFileType = folder.assetcatalog; path = Images.xcassets; sourceTree = "<group>"; };
		F12943291B23D29500C909ED /* Base */ = {isa = PBXFileReference; lastKnownFileType = file.xib; name = Base; path = Base.lproj/LaunchScreen.xib; sourceTree = "<group>"; };
		F129432F1B23D29500C909ED /* MoABContactsManagerDemoTests.xctest */ = {isa = PBXFileReference; explicitFileType = wrapper.cfbundle; includeInIndex = 0; path = MoABContactsManagerDemoTests.xctest; sourceTree = BUILT_PRODUCTS_DIR; };
		F12943341B23D29500C909ED /* Info.plist */ = {isa = PBXFileReference; lastKnownFileType = text.plist.xml; path = Info.plist; sourceTree = "<group>"; };
		F12943351B23D29500C909ED /* MoABContactsManagerDemoTests.m */ = {isa = PBXFileReference; lastKnownFileType = sourcecode.c.objc; path = MoABContactsManagerDemoTests.m; sourceTree = "<group>"; };
		F129433F1B23D2E400C909ED /* MoABContactsManager.h */ = {isa = PBXFileReference; fileEncoding = 4; lastKnownFileType = sourcecode.c.h; name = MoABContactsManager.h; path = ../../MoABContactsManager/MoABContactsManager.h; sourceTree = "<group>"; };
		F12943401B23D2E400C909ED /* MoABContactsManager.m */ = {isa = PBXFileReference; fileEncoding = 4; lastKnownFileType = sourcecode.c.objc; name = MoABContactsManager.m; path = ../../MoABContactsManager/MoABContactsManager.m; sourceTree = "<group>"; };
/* End PBXFileReference section */

/* Begin PBXFrameworksBuildPhase section */
		F12943131B23D29400C909ED /* Frameworks */ = {
			isa = PBXFrameworksBuildPhase;
			buildActionMask = 2147483647;
			files = (
			);
			runOnlyForDeploymentPostprocessing = 0;
		};
		F129432C1B23D29500C909ED /* Frameworks */ = {
			isa = PBXFrameworksBuildPhase;
			buildActionMask = 2147483647;
			files = (
			);
			runOnlyForDeploymentPostprocessing = 0;
		};
/* End PBXFrameworksBuildPhase section */

/* Begin PBXGroup section */
		F129430D1B23D29400C909ED = {
			isa = PBXGroup;
			children = (
				F12943181B23D29400C909ED /* MoABContactsManagerDemo */,
				F12943321B23D29500C909ED /* MoABContactsManagerDemoTests */,
				F12943171B23D29400C909ED /* Products */,
			);
			sourceTree = "<group>";
		};
		F12943171B23D29400C909ED /* Products */ = {
			isa = PBXGroup;
			children = (
				F12943161B23D29400C909ED /* MoABContactsManagerDemo.app */,
				F129432F1B23D29500C909ED /* MoABContactsManagerDemoTests.xctest */,
			);
			name = Products;
			sourceTree = "<group>";
		};
		F12943181B23D29400C909ED /* MoABContactsManagerDemo */ = {
			isa = PBXGroup;
			children = (
				F12943421B23D2EA00C909ED /* MoABContactsManager */,
				F129431D1B23D29400C909ED /* AppDelegate.h */,
				F129431E1B23D29400C909ED /* AppDelegate.m */,
				F12943201B23D29400C909ED /* ViewController.h */,
				F12943211B23D29400C909ED /* ViewController.m */,
				F12943231B23D29400C909ED /* Main.storyboard */,
				F12943261B23D29500C909ED /* Images.xcassets */,
				F12943281B23D29500C909ED /* LaunchScreen.xib */,
				F12943191B23D29400C909ED /* Supporting Files */,
			);
			path = MoABContactsManagerDemo;
			sourceTree = "<group>";
		};
		F12943191B23D29400C909ED /* Supporting Files */ = {
			isa = PBXGroup;
			children = (
				F129431A1B23D29400C909ED /* Info.plist */,
				F129431B1B23D29400C909ED /* main.m */,
			);
			name = "Supporting Files";
			sourceTree = "<group>";
		};
		F12943321B23D29500C909ED /* MoABContactsManagerDemoTests */ = {
			isa = PBXGroup;
			children = (
				F12943351B23D29500C909ED /* MoABContactsManagerDemoTests.m */,
				F12943331B23D29500C909ED /* Supporting Files */,
			);
			path = MoABContactsManagerDemoTests;
			sourceTree = "<group>";
		};
		F12943331B23D29500C909ED /* Supporting Files */ = {
			isa = PBXGroup;
			children = (
				F12943341B23D29500C909ED /* Info.plist */,
			);
			name = "Supporting Files";
			sourceTree = "<group>";
		};
		F12943421B23D2EA00C909ED /* MoABContactsManager */ = {
			isa = PBXGroup;
			children = (
				F129433F1B23D2E400C909ED /* MoABContactsManager.h */,
				F12943401B23D2E400C909ED /* MoABContactsManager.m */,
			);
			name = MoABContactsManager;
			sourceTree = "<group>";
		};
/* End PBXGroup section */

/* Begin PBXNativeTarget section */
		F12943151B23D29400C909ED /* MoABContactsManagerDemo */ = {
			isa = PBXNativeTarget;
			buildConfigurationList = F12943391B23D29500C909ED /* Build configuration list for PBXNativeTarget "MoABContactsManagerDemo" */;
			buildPhases = (
				F12943121B23D29400C909ED /* Sources */,
				F12943131B23D29400C909ED /* Frameworks */,
				F12943141B23D29400C909ED /* Resources */,
			);
			buildRules = (
			);
			dependencies = (
			);
			name = MoABContactsManagerDemo;
			productName = MoABContactsManagerDemo;
			productReference = F12943161B23D29400C909ED /* MoABContactsManagerDemo.app */;
			productType = "com.apple.product-type.application";
		};
		F129432E1B23D29500C909ED /* MoABContactsManagerDemoTests */ = {
			isa = PBXNativeTarget;
			buildConfigurationList = F129433C1B23D29500C909ED /* Build configuration list for PBXNativeTarget "MoABContactsManagerDemoTests" */;
			buildPhases = (
				F129432B1B23D29500C909ED /* Sources */,
				F129432C1B23D29500C909ED /* Frameworks */,
				F129432D1B23D29500C909ED /* Resources */,
			);
			buildRules = (
			);
			dependencies = (
				F12943311B23D29500C909ED /* PBXTargetDependency */,
			);
			name = MoABContactsManagerDemoTests;
			productName = MoABContactsManagerDemoTests;
			productReference = F129432F1B23D29500C909ED /* MoABContactsManagerDemoTests.xctest */;
			productType = "com.apple.product-type.bundle.unit-test";
		};
/* End PBXNativeTarget section */

/* Begin PBXProject section */
		F129430E1B23D29400C909ED /* Project object */ = {
			isa = PBXProject;
			attributes = {
				LastUpgradeCheck = 0630;
				ORGANIZATIONNAME = mostachoio;
				TargetAttributes = {
					F12943151B23D29400C909ED = {
						CreatedOnToolsVersion = 6.3.2;
					};
					F129432E1B23D29500C909ED = {
						CreatedOnToolsVersion = 6.3.2;
						TestTargetID = F12943151B23D29400C909ED;
					};
				};
			};
			buildConfigurationList = F12943111B23D29400C909ED /* Build configuration list for PBXProject "MoABContactsManagerDemo" */;
			compatibilityVersion = "Xcode 3.2";
			developmentRegion = English;
			hasScannedForEncodings = 0;
			knownRegions = (
				en,
				Base,
			);
			mainGroup = F129430D1B23D29400C909ED;
			productRefGroup = F12943171B23D29400C909ED /* Products */;
			projectDirPath = "";
			projectRoot = "";
			targets = (
				F12943151B23D29400C909ED /* MoABContactsManagerDemo */,
				F129432E1B23D29500C909ED /* MoABContactsManagerDemoTests */,
			);
		};
/* End PBXProject section */

/* Begin PBXResourcesBuildPhase section */
		F12943141B23D29400C909ED /* Resources */ = {
			isa = PBXResourcesBuildPhase;
			buildActionMask = 2147483647;
			files = (
				F12943251B23D29400C909ED /* Main.storyboard in Resources */,
				F129432A1B23D29500C909ED /* LaunchScreen.xib in Resources */,
				F12943271B23D29500C909ED /* Images.xcassets in Resources */,
			);
			runOnlyForDeploymentPostprocessing = 0;
		};
		F129432D1B23D29500C909ED /* Resources */ = {
			isa = PBXResourcesBuildPhase;
			buildActionMask = 2147483647;
			files = (
			);
			runOnlyForDeploymentPostprocessing = 0;
		};
/* End PBXResourcesBuildPhase section */

/* Begin PBXSourcesBuildPhase section */
		F12943121B23D29400C909ED /* Sources */ = {
			isa = PBXSourcesBuildPhase;
			buildActionMask = 2147483647;
			files = (
				F12943221B23D29400C909ED /* ViewController.m in Sources */,
				F12943411B23D2E400C909ED /* MoABContactsManager.m in Sources */,
				F129431F1B23D29400C909ED /* AppDelegate.m in Sources */,
				F129431C1B23D29400C909ED /* main.m in Sources */,
			);
			runOnlyForDeploymentPostprocessing = 0;
		};
		F129432B1B23D29500C909ED /* Sources */ = {
			isa = PBXSourcesBuildPhase;
			buildActionMask = 2147483647;
			files = (
				F12943361B23D29500C909ED /* MoABContactsManagerDemoTests.m in Sources */,
			);
			runOnlyForDeploymentPostprocessing = 0;
		};
/* End PBXSourcesBuildPhase section */

/* Begin PBXTargetDependency section */
		F12943311B23D29500C909ED /* PBXTargetDependency */ = {
			isa = PBXTargetDependency;
			target = F12943151B23D29400C909ED /* MoABContactsManagerDemo */;
			targetProxy = F12943301B23D29500C909ED /* PBXContainerItemProxy */;
		};
/* End PBXTargetDependency section */

/* Begin PBXVariantGroup section */
		F12943231B23D29400C909ED /* Main.storyboard */ = {
			isa = PBXVariantGroup;
			children = (
				F12943241B23D29400C909ED /* Base */,
			);
			name = Main.storyboard;
			sourceTree = "<group>";
		};
		F12943281B23D29500C909ED /* LaunchScreen.xib */ = {
			isa = PBXVariantGroup;
			children = (
				F12943291B23D29500C909ED /* Base */,
			);
			name = LaunchScreen.xib;
			sourceTree = "<group>";
		};
/* End PBXVariantGroup section */

/* Begin XCBuildConfiguration section */
		F12943371B23D29500C909ED /* Debug */ = {
			isa = XCBuildConfiguration;
			buildSettings = {
				ALWAYS_SEARCH_USER_PATHS = NO;
				CLANG_CXX_LANGUAGE_STANDARD = "gnu++0x";
				CLANG_CXX_LIBRARY = "libc++";
				CLANG_ENABLE_MODULES = YES;
				CLANG_ENABLE_OBJC_ARC = YES;
				CLANG_WARN_BOOL_CONVERSION = YES;
				CLANG_WARN_CONSTANT_CONVERSION = YES;
				CLANG_WARN_DIRECT_OBJC_ISA_USAGE = YES_ERROR;
				CLANG_WARN_EMPTY_BODY = YES;
				CLANG_WARN_ENUM_CONVERSION = YES;
				CLANG_WARN_INT_CONVERSION = YES;
				CLANG_WARN_OBJC_ROOT_CLASS = YES_ERROR;
				CLANG_WARN_UNREACHABLE_CODE = YES;
				CLANG_WARN__DUPLICATE_METHOD_MATCH = YES;
				"CODE_SIGN_IDENTITY[sdk=iphoneos*]" = "iPhone Developer";
				COPY_PHASE_STRIP = NO;
				DEBUG_INFORMATION_FORMAT = "dwarf-with-dsym";
				ENABLE_STRICT_OBJC_MSGSEND = YES;
				GCC_C_LANGUAGE_STANDARD = gnu99;
				GCC_DYNAMIC_NO_PIC = NO;
				GCC_NO_COMMON_BLOCKS = YES;
				GCC_OPTIMIZATION_LEVEL = 0;
				GCC_PREPROCESSOR_DEFINITIONS = (
					"DEBUG=1",
					"$(inherited)",
				);
				GCC_SYMBOLS_PRIVATE_EXTERN = NO;
				GCC_WARN_64_TO_32_BIT_CONVERSION = YES;
				GCC_WARN_ABOUT_RETURN_TYPE = YES_ERROR;
				GCC_WARN_UNDECLARED_SELECTOR = YES;
				GCC_WARN_UNINITIALIZED_AUTOS = YES_AGGRESSIVE;
				GCC_WARN_UNUSED_FUNCTION = YES;
				GCC_WARN_UNUSED_VARIABLE = YES;
				IPHONEOS_DEPLOYMENT_TARGET = 8.3;
				MTL_ENABLE_DEBUG_INFO = YES;
				ONLY_ACTIVE_ARCH = YES;
				SDKROOT = iphoneos;
				TARGETED_DEVICE_FAMILY = "1,2";
			};
			name = Debug;
		};
		F12943381B23D29500C909ED /* Release */ = {
			isa = XCBuildConfiguration;
			buildSettings = {
				ALWAYS_SEARCH_USER_PATHS = NO;
				CLANG_CXX_LANGUAGE_STANDARD = "gnu++0x";
				CLANG_CXX_LIBRARY = "libc++";
				CLANG_ENABLE_MODULES = YES;
				CLANG_ENABLE_OBJC_ARC = YES;
				CLANG_WARN_BOOL_CONVERSION = YES;
				CLANG_WARN_CONSTANT_CONVERSION = YES;
				CLANG_WARN_DIRECT_OBJC_ISA_USAGE = YES_ERROR;
				CLANG_WARN_EMPTY_BODY = YES;
				CLANG_WARN_ENUM_CONVERSION = YES;
				CLANG_WARN_INT_CONVERSION = YES;
				CLANG_WARN_OBJC_ROOT_CLASS = YES_ERROR;
				CLANG_WARN_UNREACHABLE_CODE = YES;
				CLANG_WARN__DUPLICATE_METHOD_MATCH = YES;
				"CODE_SIGN_IDENTITY[sdk=iphoneos*]" = "iPhone Developer";
				COPY_PHASE_STRIP = NO;
				DEBUG_INFORMATION_FORMAT = "dwarf-with-dsym";
				ENABLE_NS_ASSERTIONS = NO;
				ENABLE_STRICT_OBJC_MSGSEND = YES;
				GCC_C_LANGUAGE_STANDARD = gnu99;
				GCC_NO_COMMON_BLOCKS = YES;
				GCC_WARN_64_TO_32_BIT_CONVERSION = YES;
				GCC_WARN_ABOUT_RETURN_TYPE = YES_ERROR;
				GCC_WARN_UNDECLARED_SELECTOR = YES;
				GCC_WARN_UNINITIALIZED_AUTOS = YES_AGGRESSIVE;
				GCC_WARN_UNUSED_FUNCTION = YES;
				GCC_WARN_UNUSED_VARIABLE = YES;
				IPHONEOS_DEPLOYMENT_TARGET = 8.3;
				MTL_ENABLE_DEBUG_INFO = NO;
				SDKROOT = iphoneos;
				TARGETED_DEVICE_FAMILY = "1,2";
				VALIDATE_PRODUCT = YES;
			};
			name = Release;
		};
		F129433A1B23D29500C909ED /* Debug */ = {
			isa = XCBuildConfiguration;
			buildSettings = {
				ASSETCATALOG_COMPILER_APPICON_NAME = AppIcon;
				INFOPLIST_FILE = MoABContactsManagerDemo/Info.plist;
				LD_RUNPATH_SEARCH_PATHS = "$(inherited) @executable_path/Frameworks";
				PRODUCT_NAME = "$(TARGET_NAME)";
			};
			name = Debug;
		};
		F129433B1B23D29500C909ED /* Release */ = {
			isa = XCBuildConfiguration;
			buildSettings = {
				ASSETCATALOG_COMPILER_APPICON_NAME = AppIcon;
				INFOPLIST_FILE = MoABContactsManagerDemo/Info.plist;
				LD_RUNPATH_SEARCH_PATHS = "$(inherited) @executable_path/Frameworks";
				PRODUCT_NAME = "$(TARGET_NAME)";
			};
			name = Release;
		};
		F129433D1B23D29500C909ED /* Debug */ = {
			isa = XCBuildConfiguration;
			buildSettings = {
				BUNDLE_LOADER = "$(TEST_HOST)";
				FRAMEWORK_SEARCH_PATHS = (
					"$(SDKROOT)/Developer/Library/Frameworks",
					"$(inherited)",
				);
				GCC_PREPROCESSOR_DEFINITIONS = (
					"DEBUG=1",
					"$(inherited)",
				);
				INFOPLIST_FILE = MoABContactsManagerDemoTests/Info.plist;
				LD_RUNPATH_SEARCH_PATHS = "$(inherited) @executable_path/Frameworks @loader_path/Frameworks";
				PRODUCT_NAME = "$(TARGET_NAME)";
				TEST_HOST = "$(BUILT_PRODUCTS_DIR)/MoABContactsManagerDemo.app/MoABContactsManagerDemo";
			};
			name = Debug;
		};
		F129433E1B23D29500C909ED /* Release */ = {
			isa = XCBuildConfiguration;
			buildSettings = {
				BUNDLE_LOADER = "$(TEST_HOST)";
				FRAMEWORK_SEARCH_PATHS = (
					"$(SDKROOT)/Developer/Library/Frameworks",
					"$(inherited)",
				);
				INFOPLIST_FILE = MoABContactsManagerDemoTests/Info.plist;
				LD_RUNPATH_SEARCH_PATHS = "$(inherited) @executable_path/Frameworks @loader_path/Frameworks";
				PRODUCT_NAME = "$(TARGET_NAME)";
				TEST_HOST = "$(BUILT_PRODUCTS_DIR)/MoABContactsManagerDemo.app/MoABContactsManagerDemo";
			};
			name = Release;
		};
/* End XCBuildConfiguration section */

/* Begin XCConfigurationList section */
		F12943111B23D29400C909ED /* Build configuration list for PBXProject "MoABContactsManagerDemo" */ = {
			isa = XCConfigurationList;
			buildConfigurations = (
				F12943371B23D29500C909ED /* Debug */,
				F12943381B23D29500C909ED /* Release */,
			);
			defaultConfigurationIsVisible = 0;
			defaultConfigurationName = Release;
		};
		F12943391B23D29500C909ED /* Build configuration list for PBXNativeTarget "MoABContactsManagerDemo" */ = {
			isa = XCConfigurationList;
			buildConfigurations = (
				F129433A1B23D29500C909ED /* Debug */,
				F129433B1B23D29500C909ED /* Release */,
			);
			defaultConfigurationIsVisible = 0;
		};
		F129433C1B23D29500C909ED /* Build configuration list for PBXNativeTarget "MoABContactsManagerDemoTests" */ = {
			isa = XCConfigurationList;
			buildConfigurations = (
				F129433D1B23D29500C909ED /* Debug */,
				F129433E1B23D29500C909ED /* Release */,
			);
			defaultConfigurationIsVisible = 0;
		};
/* End XCConfigurationList section */
	};
	rootObject = F129430E1B23D29400C909ED /* Project object */;
}
